
Microsoft Visual Studio Solution File, Format Version 12.00
# Visual Studio Version 17
VisualStudioVersion = 17.0.31912.275
MinimumVisualStudioVersion = 10.0.40219.1
Project("{F2A71F9B-5D33-465A-A702-920D77279786}") = "Hw", "Hw\Hw.fsproj", "{6E4CC5F7-AD0E-42BD-8C43-74130B9B2852}"
EndProject
Global
	GlobalSection(SolutionConfigurationPlatforms) = preSolution
		Debug|Any CPU = Debug|Any CPU
		Release|Any CPU = Release|Any CPU
	EndGlobalSection
	GlobalSection(ProjectConfigurationPlatforms) = postSolution
		{6E4CC5F7-AD0E-42BD-8C43-74130B9B2852}.Debug|Any CPU.ActiveCfg = Debug|Any CPU
		{6E4CC5F7-AD0E-42BD-8C43-74130B9B2852}.Debug|Any CPU.Build.0 = Debug|Any CPU
		{6E4CC5F7-AD0E-42BD-8C43-74130B9B2852}.Release|Any CPU.ActiveCfg = Release|Any CPU
		{6E4CC5F7-AD0E-42BD-8C43-74130B9B2852}.Release|Any CPU.Build.0 = Release|Any CPU
	EndGlobalSection
	GlobalSection(SolutionProperties) = preSolution
		HideSolutionNode = FALSE
	EndGlobalSection
	GlobalSection(ExtensibilityGlobals) = postSolution
		SolutionGuid = {A99B20BF-C3F9-4869-AD16-D5F23456D932}
	EndGlobalSection
EndGlobal
